// !$*UTF8*$!
{
	archiveVersion = 1;
	classes = {
	};
	objectVersion = 46;
	objects = {

/* Begin PBXBuildFile section */
		A14731471CDD908B00DA710E /* WZCellFrame.m in Sources */ = {isa = PBXBuildFile; fileRef = A14731461CDD908B00DA710E /* WZCellFrame.m */; };
		A181D3D31CE2B935004F64ED /* MBProgressHUD+MJ.m in Sources */ = {isa = PBXBuildFile; fileRef = A181D3CF1CE2B935004F64ED /* MBProgressHUD+MJ.m */; };
		A181D3D41CE2B935004F64ED /* MBProgressHUD.bundle in Resources */ = {isa = PBXBuildFile; fileRef = A181D3D01CE2B935004F64ED /* MBProgressHUD.bundle */; };
		A181D3D51CE2B935004F64ED /* MBProgressHUD.m in Sources */ = {isa = PBXBuildFile; fileRef = A181D3D21CE2B935004F64ED /* MBProgressHUD.m */; };
		A181D3E11CE2B93D004F64ED /* MJRefresh.bundle in Resources */ = {isa = PBXBuildFile; fileRef = A181D3D71CE2B93D004F64ED /* MJRefresh.bundle */; };
		A181D3E21CE2B93D004F64ED /* MJRefreshBaseView.m in Sources */ = {isa = PBXBuildFile; fileRef = A181D3DA1CE2B93D004F64ED /* MJRefreshBaseView.m */; };
		A181D3E31CE2B93D004F64ED /* MJRefreshConst.m in Sources */ = {isa = PBXBuildFile; fileRef = A181D3DC1CE2B93D004F64ED /* MJRefreshConst.m */; };
		A181D3E41CE2B93D004F64ED /* MJRefreshFooterView.m in Sources */ = {isa = PBXBuildFile; fileRef = A181D3DE1CE2B93D004F64ED /* MJRefreshFooterView.m */; };
		A181D3E51CE2B93D004F64ED /* MJRefreshHeaderView.m in Sources */ = {isa = PBXBuildFile; fileRef = A181D3E01CE2B93D004F64ED /* MJRefreshHeaderView.m */; };
		A1A712241CD8DBB90045A5C8 /* MKAnnotationView+WebCache.m in Sources */ = {isa = PBXBuildFile; fileRef = A1A711FF1CD8DBB90045A5C8 /* MKAnnotationView+WebCache.m */; };
		A1A712251CD8DBB90045A5C8 /* NSData+ImageContentType.m in Sources */ = {isa = PBXBuildFile; fileRef = A1A712011CD8DBB90045A5C8 /* NSData+ImageContentType.m */; };
		A1A712261CD8DBB90045A5C8 /* SDImageCache.m in Sources */ = {isa = PBXBuildFile; fileRef = A1A712031CD8DBB90045A5C8 /* SDImageCache.m */; };
		A1A712271CD8DBB90045A5C8 /* SDWebImageCompat.m in Sources */ = {isa = PBXBuildFile; fileRef = A1A712051CD8DBB90045A5C8 /* SDWebImageCompat.m */; };
		A1A712281CD8DBB90045A5C8 /* SDWebImageDecoder.m in Sources */ = {isa = PBXBuildFile; fileRef = A1A712071CD8DBB90045A5C8 /* SDWebImageDecoder.m */; };
		A1A712291CD8DBB90045A5C8 /* SDWebImageDownloader.m in Sources */ = {isa = PBXBuildFile; fileRef = A1A712091CD8DBB90045A5C8 /* SDWebImageDownloader.m */; };
		A1A7122A1CD8DBB90045A5C8 /* SDWebImageDownloaderOperation.m in Sources */ = {isa = PBXBuildFile; fileRef = A1A7120B1CD8DBB90045A5C8 /* SDWebImageDownloaderOperation.m */; };
		A1A7122B1CD8DBB90045A5C8 /* SDWebImageManager.m in Sources */ = {isa = PBXBuildFile; fileRef = A1A7120D1CD8DBB90045A5C8 /* SDWebImageManager.m */; };
		A1A7122C1CD8DBB90045A5C8 /* SDWebImagePrefetcher.m in Sources */ = {isa = PBXBuildFile; fileRef = A1A712101CD8DBB90045A5C8 /* SDWebImagePrefetcher.m */; };
		A1A7122D1CD8DBB90045A5C8 /* UIButton+WebCache.m in Sources */ = {isa = PBXBuildFile; fileRef = A1A712121CD8DBB90045A5C8 /* UIButton+WebCache.m */; };
		A1A7122E1CD8DBB90045A5C8 /* UIImage+GIF.m in Sources */ = {isa = PBXBuildFile; fileRef = A1A712141CD8DBB90045A5C8 /* UIImage+GIF.m */; };
		A1A7122F1CD8DBB90045A5C8 /* UIImage+MultiFormat.m in Sources */ = {isa = PBXBuildFile; fileRef = A1A712161CD8DBB90045A5C8 /* UIImage+MultiFormat.m */; };
		A1A712301CD8DBB90045A5C8 /* UIImage+WebP.m in Sources */ = {isa = PBXBuildFile; fileRef = A1A712181CD8DBB90045A5C8 /* UIImage+WebP.m */; };
		A1A712311CD8DBB90045A5C8 /* UIImageView+WebCache.m in Sources */ = {isa = PBXBuildFile; fileRef = A1A7121A1CD8DBB90045A5C8 /* UIImageView+WebCache.m */; };
		A1B260A51CDC7F2F0048F920 /* WZObjectLists.m in Sources */ = {isa = PBXBuildFile; fileRef = A1B260A41CDC7F2F0048F920 /* WZObjectLists.m */; };
		A1B260A81CDC812C0048F920 /* WZPhoto.m in Sources */ = {isa = PBXBuildFile; fileRef = A1B260A71CDC812C0048F920 /* WZPhoto.m */; };
		A1B260AB1CDC81480048F920 /* WZAlbum.m in Sources */ = {isa = PBXBuildFile; fileRef = A1B260AA1CDC81480048F920 /* WZAlbum.m */; };
		A1B260AE1CDC816C0048F920 /* WZSender.m in Sources */ = {isa = PBXBuildFile; fileRef = A1B260AD1CDC816C0048F920 /* WZSender.m */; };
		A1B260E11CDC98A60048F920 /* MJArgument.m in Sources */ = {isa = PBXBuildFile; fileRef = A1B260CF1CDC98A60048F920 /* MJArgument.m */; };
		A1B260E21CDC98A60048F920 /* MJIvar.m in Sources */ = {isa = PBXBuildFile; fileRef = A1B260D21CDC98A60048F920 /* MJIvar.m */; };
		A1B260E31CDC98A60048F920 /* MJMember.m in Sources */ = {isa = PBXBuildFile; fileRef = A1B260D41CDC98A60048F920 /* MJMember.m */; };
		A1B260E41CDC98A60048F920 /* MJMethod.m in Sources */ = {isa = PBXBuildFile; fileRef = A1B260D61CDC98A60048F920 /* MJMethod.m */; };
		A1B260E51CDC98A60048F920 /* MJType.m in Sources */ = {isa = PBXBuildFile; fileRef = A1B260D81CDC98A60048F920 /* MJType.m */; };
		A1B260E61CDC98A60048F920 /* MJTypeEncoding.m in Sources */ = {isa = PBXBuildFile; fileRef = A1B260DA1CDC98A60048F920 /* MJTypeEncoding.m */; };
		A1B260E71CDC98A60048F920 /* NSObject+MJCoding.m in Sources */ = {isa = PBXBuildFile; fileRef = A1B260DC1CDC98A60048F920 /* NSObject+MJCoding.m */; };
		A1B260E81CDC98A60048F920 /* NSObject+MJKeyValue.m in Sources */ = {isa = PBXBuildFile; fileRef = A1B260DE1CDC98A60048F920 /* NSObject+MJKeyValue.m */; };
		A1B260E91CDC98A60048F920 /* NSObject+MJMember.m in Sources */ = {isa = PBXBuildFile; fileRef = A1B260E01CDC98A60048F920 /* NSObject+MJMember.m */; };
		A1DF6A0A1CD896F3002466A2 /* main.m in Sources */ = {isa = PBXBuildFile; fileRef = A1DF6A091CD896F3002466A2 /* main.m */; };
		A1DF6A0D1CD896F3002466A2 /* AppDelegate.m in Sources */ = {isa = PBXBuildFile; fileRef = A1DF6A0C1CD896F3002466A2 /* AppDelegate.m */; };
		A1DF6A131CD896F3002466A2 /* Main.storyboard in Resources */ = {isa = PBXBuildFile; fileRef = A1DF6A111CD896F3002466A2 /* Main.storyboard */; };
		A1DF6A151CD896F3002466A2 /* Images.xcassets in Resources */ = {isa = PBXBuildFile; fileRef = A1DF6A141CD896F3002466A2 /* Images.xcassets */; };
		A1DF6A241CD896F3002466A2 /* ____Tests.m in Sources */ = {isa = PBXBuildFile; fileRef = A1DF6A231CD896F3002466A2 /* ____Tests.m */; };
		A1DF6A431CD897C7002466A2 /* WZTabBarController.m in Sources */ = {isa = PBXBuildFile; fileRef = A1DF6A421CD897C7002466A2 /* WZTabBarController.m */; };
		A1DF6A4C1CD89D60002466A2 /* WZSortViewController.m in Sources */ = {isa = PBXBuildFile; fileRef = A1DF6A4B1CD89D60002466A2 /* WZSortViewController.m */; };
		A1DF6A4F1CD89D78002466A2 /* WZStoreViewController.m in Sources */ = {isa = PBXBuildFile; fileRef = A1DF6A4E1CD89D78002466A2 /* WZStoreViewController.m */; };
		A1DF6A531CD89EB0002466A2 /* WZTabBar.m in Sources */ = {isa = PBXBuildFile; fileRef = A1DF6A521CD89EB0002466A2 /* WZTabBar.m */; };
		A1DF6A561CD89EE5002466A2 /* WZTabBarButton.m in Sources */ = {isa = PBXBuildFile; fileRef = A1DF6A551CD89EE5002466A2 /* WZTabBarButton.m */; };
		A1DF6A6B1CD8A9EC002466A2 /* AFHTTPRequestOperation.m in Sources */ = {isa = PBXBuildFile; fileRef = A1DF6A591CD8A9EC002466A2 /* AFHTTPRequestOperation.m */; };
		A1DF6A6C1CD8A9EC002466A2 /* AFHTTPRequestOperationManager.m in Sources */ = {isa = PBXBuildFile; fileRef = A1DF6A5B1CD8A9EC002466A2 /* AFHTTPRequestOperationManager.m */; };
		A1DF6A6D1CD8A9EC002466A2 /* AFHTTPSessionManager.m in Sources */ = {isa = PBXBuildFile; fileRef = A1DF6A5D1CD8A9EC002466A2 /* AFHTTPSessionManager.m */; };
		A1DF6A6E1CD8A9EC002466A2 /* AFNetworkReachabilityManager.m in Sources */ = {isa = PBXBuildFile; fileRef = A1DF6A601CD8A9EC002466A2 /* AFNetworkReachabilityManager.m */; };
		A1DF6A6F1CD8A9EC002466A2 /* AFSecurityPolicy.m in Sources */ = {isa = PBXBuildFile; fileRef = A1DF6A621CD8A9EC002466A2 /* AFSecurityPolicy.m */; };
		A1DF6A701CD8A9EC002466A2 /* AFURLConnectionOperation.m in Sources */ = {isa = PBXBuildFile; fileRef = A1DF6A641CD8A9EC002466A2 /* AFURLConnectionOperation.m */; };
		A1DF6A711CD8A9EC002466A2 /* AFURLRequestSerialization.m in Sources */ = {isa = PBXBuildFile; fileRef = A1DF6A661CD8A9EC002466A2 /* AFURLRequestSerialization.m */; };
		A1DF6A721CD8A9EC002466A2 /* AFURLResponseSerialization.m in Sources */ = {isa = PBXBuildFile; fileRef = A1DF6A681CD8A9EC002466A2 /* AFURLResponseSerialization.m */; };
		A1DF6A731CD8A9EC002466A2 /* AFURLSessionManager.m in Sources */ = {isa = PBXBuildFile; fileRef = A1DF6A6A1CD8A9EC002466A2 /* AFURLSessionManager.m */; };
		A1E0EFE91CDDC42C00EC9501 /* WZTopView.m in Sources */ = {isa = PBXBuildFile; fileRef = A1E0EFE81CDDC42C00EC9501 /* WZTopView.m */; };
		A1E0EFEE1CDDC72100EC9501 /* UIBarButtonItem+MJ.m in Sources */ = {isa = PBXBuildFile; fileRef = A1E0EFEB1CDDC72100EC9501 /* UIBarButtonItem+MJ.m */; };
		A1E0EFEF1CDDC72100EC9501 /* UIImage+MJ.m in Sources */ = {isa = PBXBuildFile; fileRef = A1E0EFED1CDDC72100EC9501 /* UIImage+MJ.m */; };
		A1E0EFF21CDDDD0200EC9501 /* WZMiddleToolBar.m in Sources */ = {isa = PBXBuildFile; fileRef = A1E0EFF11CDDDD0200EC9501 /* WZMiddleToolBar.m */; };
		A1E0EFF51CDDDDA500EC9501 /* WZBottomView.m in Sources */ = {isa = PBXBuildFile; fileRef = A1E0EFF41CDDDDA500EC9501 /* WZBottomView.m */; };
		A1E515811CD9D04200AE9E49 /* WZHomeHeadView.xib in Resources */ = {isa = PBXBuildFile; fileRef = A1E515801CD9D04200AE9E49 /* WZHomeHeadView.xib */; };
		A1E5BFA61CDA303A00E026EF /* NSYearToWeek+WZ.m in Sources */ = {isa = PBXBuildFile; fileRef = A1E5BFA51CDA303A00E026EF /* NSYearToWeek+WZ.m */; };
		A1EB3C2E1CE42E33008F44B4 /* WZHomeViewController.m in Sources */ = {isa = PBXBuildFile; fileRef = A1EB3C2D1CE42E33008F44B4 /* WZHomeViewController.m */; };
		A1EB3C3E1CE43230008F44B4 /* WaterFallFooter.m in Sources */ = {isa = PBXBuildFile; fileRef = A1EB3C361CE43230008F44B4 /* WaterFallFooter.m */; };
		A1EB3C3F1CE43230008F44B4 /* WaterFallHeader.m in Sources */ = {isa = PBXBuildFile; fileRef = A1EB3C381CE43230008F44B4 /* WaterFallHeader.m */; };
		A1EB3C411CE43230008F44B4 /* WaterFLayout.m in Sources */ = {isa = PBXBuildFile; fileRef = A1EB3C3C1CE43230008F44B4 /* WaterFLayout.m */; };
		A1EB3C441CE432D1008F44B4 /* WZCollectionViewController.m in Sources */ = {isa = PBXBuildFile; fileRef = A1EB3C431CE432D1008F44B4 /* WZCollectionViewController.m */; };
		A1EDF13C1CD9993600FCBC26 /* WZHomeHeadData.m in Sources */ = {isa = PBXBuildFile; fileRef = A1EDF13B1CD9993600FCBC26 /* WZHomeHeadData.m */; };
		A1EDF13F1CD9996500FCBC26 /* WZHomeHeadView.m in Sources */ = {isa = PBXBuildFile; fileRef = A1EDF13E1CD9996500FCBC26 /* WZHomeHeadView.m */; };
		A1FA20961CDCC3D200BDD9B0 /* WZCollectionViewCell.m in Sources */ = {isa = PBXBuildFile; fileRef = A1FA20951CDCC3D200BDD9B0 /* WZCollectionViewCell.m */; };
/* End PBXBuildFile section */

/* Begin PBXContainerItemProxy section */
		A1DF6A1E1CD896F3002466A2 /* PBXContainerItemProxy */ = {
			isa = PBXContainerItemProxy;
			containerPortal = A1DF69FC1CD896F3002466A2 /* Project object */;
			proxyType = 1;
			remoteGlobalIDString = A1DF6A031CD896F3002466A2;
			remoteInfo = "堆糖画报";
		};
/* End PBXContainerItemProxy section */

/* Begin PBXFileReference section */
		A14731451CDD908B00DA710E /* WZCellFrame.h */ = {isa = PBXFileReference; fileEncoding = 4; lastKnownFileType = sourcecode.c.h; path = WZCellFrame.h; sourceTree = "<group>"; };
		A14731461CDD908B00DA710E /* WZCellFrame.m */ = {isa = PBXFileReference; fileEncoding = 4; lastKnownFileType = sourcecode.c.objc; path = WZCellFrame.m; sourceTree = "<group>"; };
		A181D3CE1CE2B935004F64ED /* MBProgressHUD+MJ.h */ = {isa = PBXFileReference; fileEncoding = 4; lastKnownFileType = sourcecode.c.h; path = "MBProgressHUD+MJ.h"; sourceTree = "<group>"; };
		A181D3CF1CE2B935004F64ED /* MBProgressHUD+MJ.m */ = {isa = PBXFileReference; fileEncoding = 4; lastKnownFileType = sourcecode.c.objc; path = "MBProgressHUD+MJ.m"; sourceTree = "<group>"; };
		A181D3D01CE2B935004F64ED /* MBProgressHUD.bundle */ = {isa = PBXFileReference; lastKnownFileType = "wrapper.plug-in"; path = MBProgressHUD.bundle; sourceTree = "<group>"; };
		A181D3D11CE2B935004F64ED /* MBProgressHUD.h */ = {isa = PBXFileReference; fileEncoding = 4; lastKnownFileType = sourcecode.c.h; path = MBProgressHUD.h; sourceTree = "<group>"; };
		A181D3D21CE2B935004F64ED /* MBProgressHUD.m */ = {isa = PBXFileReference; fileEncoding = 4; lastKnownFileType = sourcecode.c.objc; path = MBProgressHUD.m; sourceTree = "<group>"; };
		A181D3D71CE2B93D004F64ED /* MJRefresh.bundle */ = {isa = PBXFileReference; lastKnownFileType = "wrapper.plug-in"; path = MJRefresh.bundle; sourceTree = "<group>"; };
		A181D3D81CE2B93D004F64ED /* MJRefresh.h */ = {isa = PBXFileReference; fileEncoding = 4; lastKnownFileType = sourcecode.c.h; path = MJRefresh.h; sourceTree = "<group>"; };
		A181D3D91CE2B93D004F64ED /* MJRefreshBaseView.h */ = {isa = PBXFileReference; fileEncoding = 4; lastKnownFileType = sourcecode.c.h; path = MJRefreshBaseView.h; sourceTree = "<group>"; };
		A181D3DA1CE2B93D004F64ED /* MJRefreshBaseView.m */ = {isa = PBXFileReference; fileEncoding = 4; lastKnownFileType = sourcecode.c.objc; path = MJRefreshBaseView.m; sourceTree = "<group>"; };
		A181D3DB1CE2B93D004F64ED /* MJRefreshConst.h */ = {isa = PBXFileReference; fileEncoding = 4; lastKnownFileType = sourcecode.c.h; path = MJRefreshConst.h; sourceTree = "<group>"; };
		A181D3DC1CE2B93D004F64ED /* MJRefreshConst.m */ = {isa = PBXFileReference; fileEncoding = 4; lastKnownFileType = sourcecode.c.objc; path = MJRefreshConst.m; sourceTree = "<group>"; };
		A181D3DD1CE2B93D004F64ED /* MJRefreshFooterView.h */ = {isa = PBXFileReference; fileEncoding = 4; lastKnownFileType = sourcecode.c.h; path = MJRefreshFooterView.h; sourceTree = "<group>"; };
		A181D3DE1CE2B93D004F64ED /* MJRefreshFooterView.m */ = {isa = PBXFileReference; fileEncoding = 4; lastKnownFileType = sourcecode.c.objc; path = MJRefreshFooterView.m; sourceTree = "<group>"; };
		A181D3DF1CE2B93D004F64ED /* MJRefreshHeaderView.h */ = {isa = PBXFileReference; fileEncoding = 4; lastKnownFileType = sourcecode.c.h; path = MJRefreshHeaderView.h; sourceTree = "<group>"; };
		A181D3E01CE2B93D004F64ED /* MJRefreshHeaderView.m */ = {isa = PBXFileReference; fileEncoding = 4; lastKnownFileType = sourcecode.c.objc; path = MJRefreshHeaderView.m; sourceTree = "<group>"; };
		A1A711FE1CD8DBB90045A5C8 /* MKAnnotationView+WebCache.h */ = {isa = PBXFileReference; fileEncoding = 4; lastKnownFileType = sourcecode.c.h; path = "MKAnnotationView+WebCache.h"; sourceTree = "<group>"; };
		A1A711FF1CD8DBB90045A5C8 /* MKAnnotationView+WebCache.m */ = {isa = PBXFileReference; fileEncoding = 4; lastKnownFileType = sourcecode.c.objc; path = "MKAnnotationView+WebCache.m"; sourceTree = "<group>"; };
		A1A712001CD8DBB90045A5C8 /* NSData+ImageContentType.h */ = {isa = PBXFileReference; fileEncoding = 4; lastKnownFileType = sourcecode.c.h; path = "NSData+ImageContentType.h"; sourceTree = "<group>"; };
		A1A712011CD8DBB90045A5C8 /* NSData+ImageContentType.m */ = {isa = PBXFileReference; fileEncoding = 4; lastKnownFileType = sourcecode.c.objc; path = "NSData+ImageContentType.m"; sourceTree = "<group>"; };
		A1A712021CD8DBB90045A5C8 /* SDImageCache.h */ = {isa = PBXFileReference; fileEncoding = 4; lastKnownFileType = sourcecode.c.h; path = SDImageCache.h; sourceTree = "<group>"; };
		A1A712031CD8DBB90045A5C8 /* SDImageCache.m */ = {isa = PBXFileReference; fileEncoding = 4; lastKnownFileType = sourcecode.c.objc; path = SDImageCache.m; sourceTree = "<group>"; };
		A1A712041CD8DBB90045A5C8 /* SDWebImageCompat.h */ = {isa = PBXFileReference; fileEncoding = 4; lastKnownFileType = sourcecode.c.h; path = SDWebImageCompat.h; sourceTree = "<group>"; };
		A1A712051CD8DBB90045A5C8 /* SDWebImageCompat.m */ = {isa = PBXFileReference; fileEncoding = 4; lastKnownFileType = sourcecode.c.objc; path = SDWebImageCompat.m; sourceTree = "<group>"; };
		A1A712061CD8DBB90045A5C8 /* SDWebImageDecoder.h */ = {isa = PBXFileReference; fileEncoding = 4; lastKnownFileType = sourcecode.c.h; path = SDWebImageDecoder.h; sourceTree = "<group>"; };
		A1A712071CD8DBB90045A5C8 /* SDWebImageDecoder.m */ = {isa = PBXFileReference; fileEncoding = 4; lastKnownFileType = sourcecode.c.objc; path = SDWebImageDecoder.m; sourceTree = "<group>"; };
		A1A712081CD8DBB90045A5C8 /* SDWebImageDownloader.h */ = {isa = PBXFileReference; fileEncoding = 4; lastKnownFileType = sourcecode.c.h; path = SDWebImageDownloader.h; sourceTree = "<group>"; };
		A1A712091CD8DBB90045A5C8 /* SDWebImageDownloader.m */ = {isa = PBXFileReference; fileEncoding = 4; lastKnownFileType = sourcecode.c.objc; path = SDWebImageDownloader.m; sourceTree = "<group>"; };
		A1A7120A1CD8DBB90045A5C8 /* SDWebImageDownloaderOperation.h */ = {isa = PBXFileReference; fileEncoding = 4; lastKnownFileType = sourcecode.c.h; path = SDWebImageDownloaderOperation.h; sourceTree = "<group>"; };
		A1A7120B1CD8DBB90045A5C8 /* SDWebImageDownloaderOperation.m */ = {isa = PBXFileReference; fileEncoding = 4; lastKnownFileType = sourcecode.c.objc; path = SDWebImageDownloaderOperation.m; sourceTree = "<group>"; };
		A1A7120C1CD8DBB90045A5C8 /* SDWebImageManager.h */ = {isa = PBXFileReference; fileEncoding = 4; lastKnownFileType = sourcecode.c.h; path = SDWebImageManager.h; sourceTree = "<group>"; };
		A1A7120D1CD8DBB90045A5C8 /* SDWebImageManager.m */ = {isa = PBXFileReference; fileEncoding = 4; lastKnownFileType = sourcecode.c.objc; path = SDWebImageManager.m; sourceTree = "<group>"; };
		A1A7120E1CD8DBB90045A5C8 /* SDWebImageOperation.h */ = {isa = PBXFileReference; fileEncoding = 4; lastKnownFileType = sourcecode.c.h; path = SDWebImageOperation.h; sourceTree = "<group>"; };
		A1A7120F1CD8DBB90045A5C8 /* SDWebImagePrefetcher.h */ = {isa = PBXFileReference; fileEncoding = 4; lastKnownFileType = sourcecode.c.h; path = SDWebImagePrefetcher.h; sourceTree = "<group>"; };
		A1A712101CD8DBB90045A5C8 /* SDWebImagePrefetcher.m */ = {isa = PBXFileReference; fileEncoding = 4; lastKnownFileType = sourcecode.c.objc; path = SDWebImagePrefetcher.m; sourceTree = "<group>"; };
		A1A712111CD8DBB90045A5C8 /* UIButton+WebCache.h */ = {isa = PBXFileReference; fileEncoding = 4; lastKnownFileType = sourcecode.c.h; path = "UIButton+WebCache.h"; sourceTree = "<group>"; };
		A1A712121CD8DBB90045A5C8 /* UIButton+WebCache.m */ = {isa = PBXFileReference; fileEncoding = 4; lastKnownFileType = sourcecode.c.objc; path = "UIButton+WebCache.m"; sourceTree = "<group>"; };
		A1A712131CD8DBB90045A5C8 /* UIImage+GIF.h */ = {isa = PBXFileReference; fileEncoding = 4; lastKnownFileType = sourcecode.c.h; path = "UIImage+GIF.h"; sourceTree = "<group>"; };
		A1A712141CD8DBB90045A5C8 /* UIImage+GIF.m */ = {isa = PBXFileReference; fileEncoding = 4; lastKnownFileType = sourcecode.c.objc; path = "UIImage+GIF.m"; sourceTree = "<group>"; };
		A1A712151CD8DBB90045A5C8 /* UIImage+MultiFormat.h */ = {isa = PBXFileReference; fileEncoding = 4; lastKnownFileType = sourcecode.c.h; path = "UIImage+MultiFormat.h"; sourceTree = "<group>"; };
		A1A712161CD8DBB90045A5C8 /* UIImage+MultiFormat.m */ = {isa = PBXFileReference; fileEncoding = 4; lastKnownFileType = sourcecode.c.objc; path = "UIImage+MultiFormat.m"; sourceTree = "<group>"; };
		A1A712171CD8DBB90045A5C8 /* UIImage+WebP.h */ = {isa = PBXFileReference; fileEncoding = 4; lastKnownFileType = sourcecode.c.h; path = "UIImage+WebP.h"; sourceTree = "<group>"; };
		A1A712181CD8DBB90045A5C8 /* UIImage+WebP.m */ = {isa = PBXFileReference; fileEncoding = 4; lastKnownFileType = sourcecode.c.objc; path = "UIImage+WebP.m"; sourceTree = "<group>"; };
		A1A712191CD8DBB90045A5C8 /* UIImageView+WebCache.h */ = {isa = PBXFileReference; fileEncoding = 4; lastKnownFileType = sourcecode.c.h; path = "UIImageView+WebCache.h"; sourceTree = "<group>"; };
		A1A7121A1CD8DBB90045A5C8 /* UIImageView+WebCache.m */ = {isa = PBXFileReference; fileEncoding = 4; lastKnownFileType = sourcecode.c.objc; path = "UIImageView+WebCache.m"; sourceTree = "<group>"; };
		A1B260A31CDC7F2F0048F920 /* WZObjectLists.h */ = {isa = PBXFileReference; fileEncoding = 4; lastKnownFileType = sourcecode.c.h; path = WZObjectLists.h; sourceTree = "<group>"; };
		A1B260A41CDC7F2F0048F920 /* WZObjectLists.m */ = {isa = PBXFileReference; fileEncoding = 4; lastKnownFileType = sourcecode.c.objc; path = WZObjectLists.m; sourceTree = "<group>"; };
		A1B260A61CDC812C0048F920 /* WZPhoto.h */ = {isa = PBXFileReference; fileEncoding = 4; lastKnownFileType = sourcecode.c.h; path = WZPhoto.h; sourceTree = "<group>"; };
		A1B260A71CDC812C0048F920 /* WZPhoto.m */ = {isa = PBXFileReference; fileEncoding = 4; lastKnownFileType = sourcecode.c.objc; path = WZPhoto.m; sourceTree = "<group>"; };
		A1B260A91CDC81470048F920 /* WZAlbum.h */ = {isa = PBXFileReference; fileEncoding = 4; lastKnownFileType = sourcecode.c.h; path = WZAlbum.h; sourceTree = "<group>"; };
		A1B260AA1CDC81480048F920 /* WZAlbum.m */ = {isa = PBXFileReference; fileEncoding = 4; lastKnownFileType = sourcecode.c.objc; path = WZAlbum.m; sourceTree = "<group>"; };
		A1B260AC1CDC816C0048F920 /* WZSender.h */ = {isa = PBXFileReference; fileEncoding = 4; lastKnownFileType = sourcecode.c.h; path = WZSender.h; sourceTree = "<group>"; };
		A1B260AD1CDC816C0048F920 /* WZSender.m */ = {isa = PBXFileReference; fileEncoding = 4; lastKnownFileType = sourcecode.c.objc; path = WZSender.m; sourceTree = "<group>"; };
		A1B260CE1CDC98A60048F920 /* MJArgument.h */ = {isa = PBXFileReference; fileEncoding = 4; lastKnownFileType = sourcecode.c.h; path = MJArgument.h; sourceTree = "<group>"; };
		A1B260CF1CDC98A60048F920 /* MJArgument.m */ = {isa = PBXFileReference; fileEncoding = 4; lastKnownFileType = sourcecode.c.objc; path = MJArgument.m; sourceTree = "<group>"; };
		A1B260D01CDC98A60048F920 /* MJExtension.h */ = {isa = PBXFileReference; fileEncoding = 4; lastKnownFileType = sourcecode.c.h; path = MJExtension.h; sourceTree = "<group>"; };
		A1B260D11CDC98A60048F920 /* MJIvar.h */ = {isa = PBXFileReference; fileEncoding = 4; lastKnownFileType = sourcecode.c.h; path = MJIvar.h; sourceTree = "<group>"; };
		A1B260D21CDC98A60048F920 /* MJIvar.m */ = {isa = PBXFileReference; fileEncoding = 4; lastKnownFileType = sourcecode.c.objc; path = MJIvar.m; sourceTree = "<group>"; };
		A1B260D31CDC98A60048F920 /* MJMember.h */ = {isa = PBXFileReference; fileEncoding = 4; lastKnownFileType = sourcecode.c.h; path = MJMember.h; sourceTree = "<group>"; };
		A1B260D41CDC98A60048F920 /* MJMember.m */ = {isa = PBXFileReference; fileEncoding = 4; lastKnownFileType = sourcecode.c.objc; path = MJMember.m; sourceTree = "<group>"; };
		A1B260D51CDC98A60048F920 /* MJMethod.h */ = {isa = PBXFileReference; fileEncoding = 4; lastKnownFileType = sourcecode.c.h; path = MJMethod.h; sourceTree = "<group>"; };
		A1B260D61CDC98A60048F920 /* MJMethod.m */ = {isa = PBXFileReference; fileEncoding = 4; lastKnownFileType = sourcecode.c.objc; path = MJMethod.m; sourceTree = "<group>"; };
		A1B260D71CDC98A60048F920 /* MJType.h */ = {isa = PBXFileReference; fileEncoding = 4; lastKnownFileType = sourcecode.c.h; path = MJType.h; sourceTree = "<group>"; };
		A1B260D81CDC98A60048F920 /* MJType.m */ = {isa = PBXFileReference; fileEncoding = 4; lastKnownFileType = sourcecode.c.objc; path = MJType.m; sourceTree = "<group>"; };
		A1B260D91CDC98A60048F920 /* MJTypeEncoding.h */ = {isa = PBXFileReference; fileEncoding = 4; lastKnownFileType = sourcecode.c.h; path = MJTypeEncoding.h; sourceTree = "<group>"; };
		A1B260DA1CDC98A60048F920 /* MJTypeEncoding.m */ = {isa = PBXFileReference; fileEncoding = 4; lastKnownFileType = sourcecode.c.objc; path = MJTypeEncoding.m; sourceTree = "<group>"; };
		A1B260DB1CDC98A60048F920 /* NSObject+MJCoding.h */ = {isa = PBXFileReference; fileEncoding = 4; lastKnownFileType = sourcecode.c.h; path = "NSObject+MJCoding.h"; sourceTree = "<group>"; };
		A1B260DC1CDC98A60048F920 /* NSObject+MJCoding.m */ = {isa = PBXFileReference; fileEncoding = 4; lastKnownFileType = sourcecode.c.objc; path = "NSObject+MJCoding.m"; sourceTree = "<group>"; };
		A1B260DD1CDC98A60048F920 /* NSObject+MJKeyValue.h */ = {isa = PBXFileReference; fileEncoding = 4; lastKnownFileType = sourcecode.c.h; path = "NSObject+MJKeyValue.h"; sourceTree = "<group>"; };
		A1B260DE1CDC98A60048F920 /* NSObject+MJKeyValue.m */ = {isa = PBXFileReference; fileEncoding = 4; lastKnownFileType = sourcecode.c.objc; path = "NSObject+MJKeyValue.m"; sourceTree = "<group>"; };
		A1B260DF1CDC98A60048F920 /* NSObject+MJMember.h */ = {isa = PBXFileReference; fileEncoding = 4; lastKnownFileType = sourcecode.c.h; path = "NSObject+MJMember.h"; sourceTree = "<group>"; };
		A1B260E01CDC98A60048F920 /* NSObject+MJMember.m */ = {isa = PBXFileReference; fileEncoding = 4; lastKnownFileType = sourcecode.c.objc; path = "NSObject+MJMember.m"; sourceTree = "<group>"; };
		A1DF6A041CD896F3002466A2 /* 堆糖画报.app */ = {isa = PBXFileReference; explicitFileType = wrapper.application; includeInIndex = 0; path = "堆糖画报.app"; sourceTree = BUILT_PRODUCTS_DIR; };
		A1DF6A081CD896F3002466A2 /* Info.plist */ = {isa = PBXFileReference; lastKnownFileType = text.plist.xml; path = Info.plist; sourceTree = "<group>"; };
		A1DF6A091CD896F3002466A2 /* main.m */ = {isa = PBXFileReference; lastKnownFileType = sourcecode.c.objc; path = main.m; sourceTree = "<group>"; };
		A1DF6A0B1CD896F3002466A2 /* AppDelegate.h */ = {isa = PBXFileReference; lastKnownFileType = sourcecode.c.h; name = AppDelegate.h; path = ../../AppDelegate.h; sourceTree = "<group>"; };
		A1DF6A0C1CD896F3002466A2 /* AppDelegate.m */ = {isa = PBXFileReference; lastKnownFileType = sourcecode.c.objc; name = AppDelegate.m; path = ../../AppDelegate.m; sourceTree = "<group>"; };
		A1DF6A121CD896F3002466A2 /* Base */ = {isa = PBXFileReference; lastKnownFileType = file.storyboard; name = Base; path = Base.lproj/Main.storyboard; sourceTree = "<group>"; };
		A1DF6A141CD896F3002466A2 /* Images.xcassets */ = {isa = PBXFileReference; lastKnownFileType = folder.assetcatalog; path = Images.xcassets; sourceTree = "<group>"; };
		A1DF6A1D1CD896F3002466A2 /* 堆糖画报Tests.xctest */ = {isa = PBXFileReference; explicitFileType = wrapper.cfbundle; includeInIndex = 0; path = "堆糖画报Tests.xctest"; sourceTree = BUILT_PRODUCTS_DIR; };
		A1DF6A221CD896F3002466A2 /* Info.plist */ = {isa = PBXFileReference; lastKnownFileType = text.plist.xml; path = Info.plist; sourceTree = "<group>"; };
		A1DF6A231CD896F3002466A2 /* ____Tests.m */ = {isa = PBXFileReference; lastKnownFileType = sourcecode.c.objc; path = "____Tests.m"; sourceTree = "<group>"; };
		A1DF6A411CD897C7002466A2 /* WZTabBarController.h */ = {isa = PBXFileReference; fileEncoding = 4; lastKnownFileType = sourcecode.c.h; path = WZTabBarController.h; sourceTree = "<group>"; };
		A1DF6A421CD897C7002466A2 /* WZTabBarController.m */ = {isa = PBXFileReference; fileEncoding = 4; lastKnownFileType = sourcecode.c.objc; path = WZTabBarController.m; sourceTree = "<group>"; };
		A1DF6A4A1CD89D60002466A2 /* WZSortViewController.h */ = {isa = PBXFileReference; fileEncoding = 4; lastKnownFileType = sourcecode.c.h; path = WZSortViewController.h; sourceTree = "<group>"; };
		A1DF6A4B1CD89D60002466A2 /* WZSortViewController.m */ = {isa = PBXFileReference; fileEncoding = 4; lastKnownFileType = sourcecode.c.objc; path = WZSortViewController.m; sourceTree = "<group>"; };
		A1DF6A4D1CD89D78002466A2 /* WZStoreViewController.h */ = {isa = PBXFileReference; fileEncoding = 4; lastKnownFileType = sourcecode.c.h; path = WZStoreViewController.h; sourceTree = "<group>"; };
		A1DF6A4E1CD89D78002466A2 /* WZStoreViewController.m */ = {isa = PBXFileReference; fileEncoding = 4; lastKnownFileType = sourcecode.c.objc; path = WZStoreViewController.m; sourceTree = "<group>"; };
		A1DF6A501CD89E0D002466A2 /* PrefixHeader.pch */ = {isa = PBXFileReference; lastKnownFileType = sourcecode.c.h; path = PrefixHeader.pch; sourceTree = "<group>"; };
		A1DF6A511CD89EB0002466A2 /* WZTabBar.h */ = {isa = PBXFileReference; fileEncoding = 4; lastKnownFileType = sourcecode.c.h; path = WZTabBar.h; sourceTree = "<group>"; };
		A1DF6A521CD89EB0002466A2 /* WZTabBar.m */ = {isa = PBXFileReference; fileEncoding = 4; lastKnownFileType = sourcecode.c.objc; path = WZTabBar.m; sourceTree = "<group>"; };
		A1DF6A541CD89EE5002466A2 /* WZTabBarButton.h */ = {isa = PBXFileReference; fileEncoding = 4; lastKnownFileType = sourcecode.c.h; path = WZTabBarButton.h; sourceTree = "<group>"; };
		A1DF6A551CD89EE5002466A2 /* WZTabBarButton.m */ = {isa = PBXFileReference; fileEncoding = 4; lastKnownFileType = sourcecode.c.objc; path = WZTabBarButton.m; sourceTree = "<group>"; };
		A1DF6A581CD8A9EC002466A2 /* AFHTTPRequestOperation.h */ = {isa = PBXFileReference; fileEncoding = 4; lastKnownFileType = sourcecode.c.h; path = AFHTTPRequestOperation.h; sourceTree = "<group>"; };
		A1DF6A591CD8A9EC002466A2 /* AFHTTPRequestOperation.m */ = {isa = PBXFileReference; fileEncoding = 4; lastKnownFileType = sourcecode.c.objc; path = AFHTTPRequestOperation.m; sourceTree = "<group>"; };
		A1DF6A5A1CD8A9EC002466A2 /* AFHTTPRequestOperationManager.h */ = {isa = PBXFileReference; fileEncoding = 4; lastKnownFileType = sourcecode.c.h; path = AFHTTPRequestOperationManager.h; sourceTree = "<group>"; };
		A1DF6A5B1CD8A9EC002466A2 /* AFHTTPRequestOperationManager.m */ = {isa = PBXFileReference; fileEncoding = 4; lastKnownFileType = sourcecode.c.objc; path = AFHTTPRequestOperationManager.m; sourceTree = "<group>"; };
		A1DF6A5C1CD8A9EC002466A2 /* AFHTTPSessionManager.h */ = {isa = PBXFileReference; fileEncoding = 4; lastKnownFileType = sourcecode.c.h; path = AFHTTPSessionManager.h; sourceTree = "<group>"; };
		A1DF6A5D1CD8A9EC002466A2 /* AFHTTPSessionManager.m */ = {isa = PBXFileReference; fileEncoding = 4; lastKnownFileType = sourcecode.c.objc; path = AFHTTPSessionManager.m; sourceTree = "<group>"; };
		A1DF6A5E1CD8A9EC002466A2 /* AFNetworking.h */ = {isa = PBXFileReference; fileEncoding = 4; lastKnownFileType = sourcecode.c.h; path = AFNetworking.h; sourceTree = "<group>"; };
		A1DF6A5F1CD8A9EC002466A2 /* AFNetworkReachabilityManager.h */ = {isa = PBXFileReference; fileEncoding = 4; lastKnownFileType = sourcecode.c.h; path = AFNetworkReachabilityManager.h; sourceTree = "<group>"; };
		A1DF6A601CD8A9EC002466A2 /* AFNetworkReachabilityManager.m */ = {isa = PBXFileReference; fileEncoding = 4; lastKnownFileType = sourcecode.c.objc; path = AFNetworkReachabilityManager.m; sourceTree = "<group>"; };
		A1DF6A611CD8A9EC002466A2 /* AFSecurityPolicy.h */ = {isa = PBXFileReference; fileEncoding = 4; lastKnownFileType = sourcecode.c.h; path = AFSecurityPolicy.h; sourceTree = "<group>"; };
		A1DF6A621CD8A9EC002466A2 /* AFSecurityPolicy.m */ = {isa = PBXFileReference; fileEncoding = 4; lastKnownFileType = sourcecode.c.objc; path = AFSecurityPolicy.m; sourceTree = "<group>"; };
		A1DF6A631CD8A9EC002466A2 /* AFURLConnectionOperation.h */ = {isa = PBXFileReference; fileEncoding = 4; lastKnownFileType = sourcecode.c.h; path = AFURLConnectionOperation.h; sourceTree = "<group>"; };
		A1DF6A641CD8A9EC002466A2 /* AFURLConnectionOperation.m */ = {isa = PBXFileReference; fileEncoding = 4; lastKnownFileType = sourcecode.c.objc; path = AFURLConnectionOperation.m; sourceTree = "<group>"; };
		A1DF6A651CD8A9EC002466A2 /* AFURLRequestSerialization.h */ = {isa = PBXFileReference; fileEncoding = 4; lastKnownFileType = sourcecode.c.h; path = AFURLRequestSerialization.h; sourceTree = "<group>"; };
		A1DF6A661CD8A9EC002466A2 /* AFURLRequestSerialization.m */ = {isa = PBXFileReference; fileEncoding = 4; lastKnownFileType = sourcecode.c.objc; path = AFURLRequestSerialization.m; sourceTree = "<group>"; };
		A1DF6A671CD8A9EC002466A2 /* AFURLResponseSerialization.h */ = {isa = PBXFileReference; fileEncoding = 4; lastKnownFileType = sourcecode.c.h; path = AFURLResponseSerialization.h; sourceTree = "<group>"; };
		A1DF6A681CD8A9EC002466A2 /* AFURLResponseSerialization.m */ = {isa = PBXFileReference; fileEncoding = 4; lastKnownFileType = sourcecode.c.objc; path = AFURLResponseSerialization.m; sourceTree = "<group>"; };
		A1DF6A691CD8A9EC002466A2 /* AFURLSessionManager.h */ = {isa = PBXFileReference; fileEncoding = 4; lastKnownFileType = sourcecode.c.h; path = AFURLSessionManager.h; sourceTree = "<group>"; };
		A1DF6A6A1CD8A9EC002466A2 /* AFURLSessionManager.m */ = {isa = PBXFileReference; fileEncoding = 4; lastKnownFileType = sourcecode.c.objc; path = AFURLSessionManager.m; sourceTree = "<group>"; };
		A1E0EFE71CDDC42C00EC9501 /* WZTopView.h */ = {isa = PBXFileReference; fileEncoding = 4; lastKnownFileType = sourcecode.c.h; path = WZTopView.h; sourceTree = "<group>"; };
		A1E0EFE81CDDC42C00EC9501 /* WZTopView.m */ = {isa = PBXFileReference; fileEncoding = 4; lastKnownFileType = sourcecode.c.objc; path = WZTopView.m; sourceTree = "<group>"; };
		A1E0EFEA1CDDC72100EC9501 /* UIBarButtonItem+MJ.h */ = {isa = PBXFileReference; fileEncoding = 4; lastKnownFileType = sourcecode.c.h; path = "UIBarButtonItem+MJ.h"; sourceTree = "<group>"; };
		A1E0EFEB1CDDC72100EC9501 /* UIBarButtonItem+MJ.m */ = {isa = PBXFileReference; fileEncoding = 4; lastKnownFileType = sourcecode.c.objc; path = "UIBarButtonItem+MJ.m"; sourceTree = "<group>"; };
		A1E0EFEC1CDDC72100EC9501 /* UIImage+MJ.h */ = {isa = PBXFileReference; fileEncoding = 4; lastKnownFileType = sourcecode.c.h; path = "UIImage+MJ.h"; sourceTree = "<group>"; };
		A1E0EFED1CDDC72100EC9501 /* UIImage+MJ.m */ = {isa = PBXFileReference; fileEncoding = 4; lastKnownFileType = sourcecode.c.objc; path = "UIImage+MJ.m"; sourceTree = "<group>"; };
		A1E0EFF01CDDDD0200EC9501 /* WZMiddleToolBar.h */ = {isa = PBXFileReference; fileEncoding = 4; lastKnownFileType = sourcecode.c.h; path = WZMiddleToolBar.h; sourceTree = "<group>"; };
		A1E0EFF11CDDDD0200EC9501 /* WZMiddleToolBar.m */ = {isa = PBXFileReference; fileEncoding = 4; lastKnownFileType = sourcecode.c.objc; path = WZMiddleToolBar.m; sourceTree = "<group>"; };
		A1E0EFF31CDDDDA500EC9501 /* WZBottomView.h */ = {isa = PBXFileReference; fileEncoding = 4; lastKnownFileType = sourcecode.c.h; path = WZBottomView.h; sourceTree = "<group>"; };
		A1E0EFF41CDDDDA500EC9501 /* WZBottomView.m */ = {isa = PBXFileReference; fileEncoding = 4; lastKnownFileType = sourcecode.c.objc; path = WZBottomView.m; sourceTree = "<group>"; };
		A1E515801CD9D04200AE9E49 /* WZHomeHeadView.xib */ = {isa = PBXFileReference; fileEncoding = 4; lastKnownFileType = file.xib; path = WZHomeHeadView.xib; sourceTree = "<group>"; };
		A1E5BFA41CDA303A00E026EF /* NSYearToWeek+WZ.h */ = {isa = PBXFileReference; fileEncoding = 4; lastKnownFileType = sourcecode.c.h; path = "NSYearToWeek+WZ.h"; sourceTree = "<group>"; };
		A1E5BFA51CDA303A00E026EF /* NSYearToWeek+WZ.m */ = {isa = PBXFileReference; fileEncoding = 4; lastKnownFileType = sourcecode.c.objc; path = "NSYearToWeek+WZ.m"; sourceTree = "<group>"; };
		A1E5BFA91CDA443E00E026EF /* WZNetInterface.h */ = {isa = PBXFileReference; fileEncoding = 4; lastKnownFileType = sourcecode.c.h; path = WZNetInterface.h; sourceTree = "<group>"; };
		A1EB3C2C1CE42E33008F44B4 /* WZHomeViewController.h */ = {isa = PBXFileReference; fileEncoding = 4; lastKnownFileType = sourcecode.c.h; path = WZHomeViewController.h; sourceTree = "<group>"; };
		A1EB3C2D1CE42E33008F44B4 /* WZHomeViewController.m */ = {isa = PBXFileReference; fileEncoding = 4; lastKnownFileType = sourcecode.c.objc; path = WZHomeViewController.m; sourceTree = "<group>"; };
		A1EB3C351CE43230008F44B4 /* WaterFallFooter.h */ = {isa = PBXFileReference; fileEncoding = 4; lastKnownFileType = sourcecode.c.h; path = WaterFallFooter.h; sourceTree = "<group>"; };
		A1EB3C361CE43230008F44B4 /* WaterFallFooter.m */ = {isa = PBXFileReference; fileEncoding = 4; lastKnownFileType = sourcecode.c.objc; path = WaterFallFooter.m; sourceTree = "<group>"; };
		A1EB3C371CE43230008F44B4 /* WaterFallHeader.h */ = {isa = PBXFileReference; fileEncoding = 4; lastKnownFileType = sourcecode.c.h; path = WaterFallHeader.h; sourceTree = "<group>"; };
		A1EB3C381CE43230008F44B4 /* WaterFallHeader.m */ = {isa = PBXFileReference; fileEncoding = 4; lastKnownFileType = sourcecode.c.objc; path = WaterFallHeader.m; sourceTree = "<group>"; };
		A1EB3C3B1CE43230008F44B4 /* WaterFLayout.h */ = {isa = PBXFileReference; fileEncoding = 4; lastKnownFileType = sourcecode.c.h; path = WaterFLayout.h; sourceTree = "<group>"; };
		A1EB3C3C1CE43230008F44B4 /* WaterFLayout.m */ = {isa = PBXFileReference; fileEncoding = 4; lastKnownFileType = sourcecode.c.objc; path = WaterFLayout.m; sourceTree = "<group>"; };
		A1EB3C421CE432D1008F44B4 /* WZCollectionViewController.h */ = {isa = PBXFileReference; fileEncoding = 4; lastKnownFileType = sourcecode.c.h; path = WZCollectionViewController.h; sourceTree = "<group>"; };
		A1EB3C431CE432D1008F44B4 /* WZCollectionViewController.m */ = {isa = PBXFileReference; fileEncoding = 4; lastKnownFileType = sourcecode.c.objc; path = WZCollectionViewController.m; sourceTree = "<group>"; };
		A1EDF13A1CD9993600FCBC26 /* WZHomeHeadData.h */ = {isa = PBXFileReference; fileEncoding = 4; lastKnownFileType = sourcecode.c.h; path = WZHomeHeadData.h; sourceTree = "<group>"; };
		A1EDF13B1CD9993600FCBC26 /* WZHomeHeadData.m */ = {isa = PBXFileReference; fileEncoding = 4; lastKnownFileType = sourcecode.c.objc; path = WZHomeHeadData.m; sourceTree = "<group>"; };
		A1EDF13D1CD9996500FCBC26 /* WZHomeHeadView.h */ = {isa = PBXFileReference; fileEncoding = 4; lastKnownFileType = sourcecode.c.h; path = WZHomeHeadView.h; sourceTree = "<group>"; };
		A1EDF13E1CD9996500FCBC26 /* WZHomeHeadView.m */ = {isa = PBXFileReference; fileEncoding = 4; lastKnownFileType = sourcecode.c.objc; path = WZHomeHeadView.m; sourceTree = "<group>"; };
		A1FA20941CDCC3D200BDD9B0 /* WZCollectionViewCell.h */ = {isa = PBXFileReference; fileEncoding = 4; lastKnownFileType = sourcecode.c.h; path = WZCollectionViewCell.h; sourceTree = "<group>"; };
		A1FA20951CDCC3D200BDD9B0 /* WZCollectionViewCell.m */ = {isa = PBXFileReference; fileEncoding = 4; lastKnownFileType = sourcecode.c.objc; path = WZCollectionViewCell.m; sourceTree = "<group>"; };
/* End PBXFileReference section */

/* Begin PBXFrameworksBuildPhase section */
		A1DF6A011CD896F3002466A2 /* Frameworks */ = {
			isa = PBXFrameworksBuildPhase;
			buildActionMask = 2147483647;
			files = (
			);
			runOnlyForDeploymentPostprocessing = 0;
		};
		A1DF6A1A1CD896F3002466A2 /* Frameworks */ = {
			isa = PBXFrameworksBuildPhase;
			buildActionMask = 2147483647;
			files = (
			);
			runOnlyForDeploymentPostprocessing = 0;
		};
/* End PBXFrameworksBuildPhase section */

/* Begin PBXGroup section */
		A181D3CD1CE2B935004F64ED /* MBProgressHUD */ = {
			isa = PBXGroup;
			children = (
				A181D3CE1CE2B935004F64ED /* MBProgressHUD+MJ.h */,
				A181D3CF1CE2B935004F64ED /* MBProgressHUD+MJ.m */,
				A181D3D01CE2B935004F64ED /* MBProgressHUD.bundle */,
				A181D3D11CE2B935004F64ED /* MBProgressHUD.h */,
				A181D3D21CE2B935004F64ED /* MBProgressHUD.m */,
			);
			path = MBProgressHUD;
			sourceTree = "<group>";
		};
		A181D3D61CE2B93D004F64ED /* MJRefresh */ = {
			isa = PBXGroup;
			children = (
				A181D3D71CE2B93D004F64ED /* MJRefresh.bundle */,
				A181D3D81CE2B93D004F64ED /* MJRefresh.h */,
				A181D3D91CE2B93D004F64ED /* MJRefreshBaseView.h */,
				A181D3DA1CE2B93D004F64ED /* MJRefreshBaseView.m */,
				A181D3DB1CE2B93D004F64ED /* MJRefreshConst.h */,
				A181D3DC1CE2B93D004F64ED /* MJRefreshConst.m */,
				A181D3DD1CE2B93D004F64ED /* MJRefreshFooterView.h */,
				A181D3DE1CE2B93D004F64ED /* MJRefreshFooterView.m */,
				A181D3DF1CE2B93D004F64ED /* MJRefreshHeaderView.h */,
				A181D3E01CE2B93D004F64ED /* MJRefreshHeaderView.m */,
			);
			path = MJRefresh;
			sourceTree = "<group>";
		};
		A1A711FD1CD8DBB90045A5C8 /* SDWebImage */ = {
			isa = PBXGroup;
			children = (
				A1A711FE1CD8DBB90045A5C8 /* MKAnnotationView+WebCache.h */,
				A1A711FF1CD8DBB90045A5C8 /* MKAnnotationView+WebCache.m */,
				A1A712001CD8DBB90045A5C8 /* NSData+ImageContentType.h */,
				A1A712011CD8DBB90045A5C8 /* NSData+ImageContentType.m */,
				A1A712021CD8DBB90045A5C8 /* SDImageCache.h */,
				A1A712031CD8DBB90045A5C8 /* SDImageCache.m */,
				A1A712041CD8DBB90045A5C8 /* SDWebImageCompat.h */,
				A1A712051CD8DBB90045A5C8 /* SDWebImageCompat.m */,
				A1A712061CD8DBB90045A5C8 /* SDWebImageDecoder.h */,
				A1A712071CD8DBB90045A5C8 /* SDWebImageDecoder.m */,
				A1A712081CD8DBB90045A5C8 /* SDWebImageDownloader.h */,
				A1A712091CD8DBB90045A5C8 /* SDWebImageDownloader.m */,
				A1A7120A1CD8DBB90045A5C8 /* SDWebImageDownloaderOperation.h */,
				A1A7120B1CD8DBB90045A5C8 /* SDWebImageDownloaderOperation.m */,
				A1A7120C1CD8DBB90045A5C8 /* SDWebImageManager.h */,
				A1A7120D1CD8DBB90045A5C8 /* SDWebImageManager.m */,
				A1A7120E1CD8DBB90045A5C8 /* SDWebImageOperation.h */,
				A1A7120F1CD8DBB90045A5C8 /* SDWebImagePrefetcher.h */,
				A1A712101CD8DBB90045A5C8 /* SDWebImagePrefetcher.m */,
				A1A712111CD8DBB90045A5C8 /* UIButton+WebCache.h */,
				A1A712121CD8DBB90045A5C8 /* UIButton+WebCache.m */,
				A1A712131CD8DBB90045A5C8 /* UIImage+GIF.h */,
				A1A712141CD8DBB90045A5C8 /* UIImage+GIF.m */,
				A1A712151CD8DBB90045A5C8 /* UIImage+MultiFormat.h */,
				A1A712161CD8DBB90045A5C8 /* UIImage+MultiFormat.m */,
				A1A712171CD8DBB90045A5C8 /* UIImage+WebP.h */,
				A1A712181CD8DBB90045A5C8 /* UIImage+WebP.m */,
				A1A712191CD8DBB90045A5C8 /* UIImageView+WebCache.h */,
				A1A7121A1CD8DBB90045A5C8 /* UIImageView+WebCache.m */,
			);
			path = SDWebImage;
			sourceTree = "<group>";
		};
		A1B260CD1CDC98A60048F920 /* MJExtension */ = {
			isa = PBXGroup;
			children = (
				A1B260CE1CDC98A60048F920 /* MJArgument.h */,
				A1B260CF1CDC98A60048F920 /* MJArgument.m */,
				A1B260D01CDC98A60048F920 /* MJExtension.h */,
				A1B260D11CDC98A60048F920 /* MJIvar.h */,
				A1B260D21CDC98A60048F920 /* MJIvar.m */,
				A1B260D31CDC98A60048F920 /* MJMember.h */,
				A1B260D41CDC98A60048F920 /* MJMember.m */,
				A1B260D51CDC98A60048F920 /* MJMethod.h */,
				A1B260D61CDC98A60048F920 /* MJMethod.m */,
				A1B260D71CDC98A60048F920 /* MJType.h */,
				A1B260D81CDC98A60048F920 /* MJType.m */,
				A1B260D91CDC98A60048F920 /* MJTypeEncoding.h */,
				A1B260DA1CDC98A60048F920 /* MJTypeEncoding.m */,
				A1B260DB1CDC98A60048F920 /* NSObject+MJCoding.h */,
				A1B260DC1CDC98A60048F920 /* NSObject+MJCoding.m */,
				A1B260DD1CDC98A60048F920 /* NSObject+MJKeyValue.h */,
				A1B260DE1CDC98A60048F920 /* NSObject+MJKeyValue.m */,
				A1B260DF1CDC98A60048F920 /* NSObject+MJMember.h */,
				A1B260E01CDC98A60048F920 /* NSObject+MJMember.m */,
			);
			path = MJExtension;
			sourceTree = "<group>";
		};
		A1DF69FB1CD896F2002466A2 = {
			isa = PBXGroup;
			children = (
				A1DF6A061CD896F3002466A2 /* 堆糖画报 */,
				A1DF6A201CD896F3002466A2 /* 堆糖画报Tests */,
				A1DF6A051CD896F3002466A2 /* Products */,
			);
			sourceTree = "<group>";
		};
		A1DF6A051CD896F3002466A2 /* Products */ = {
			isa = PBXGroup;
			children = (
				A1DF6A041CD896F3002466A2 /* 堆糖画报.app */,
				A1DF6A1D1CD896F3002466A2 /* 堆糖画报Tests.xctest */,
			);
			name = Products;
			sourceTree = "<group>";
		};
		A1DF6A061CD896F3002466A2 /* 堆糖画报 */ = {
			isa = PBXGroup;
			children = (
				A1DF6A2D1CD8972C002466A2 /* Classes */,
				A1DF6A071CD896F3002466A2 /* Supporting Files */,
			);
			path = "堆糖画报";
			sourceTree = "<group>";
		};
		A1DF6A071CD896F3002466A2 /* Supporting Files */ = {
			isa = PBXGroup;
			children = (
				A1DF6A141CD896F3002466A2 /* Images.xcassets */,
				A1DF6A111CD896F3002466A2 /* Main.storyboard */,
				A1DF6A081CD896F3002466A2 /* Info.plist */,
				A1DF6A091CD896F3002466A2 /* main.m */,
				A1DF6A501CD89E0D002466A2 /* PrefixHeader.pch */,
			);
			name = "Supporting Files";
			sourceTree = "<group>";
		};
		A1DF6A201CD896F3002466A2 /* 堆糖画报Tests */ = {
			isa = PBXGroup;
			children = (
				A1DF6A231CD896F3002466A2 /* ____Tests.m */,
				A1DF6A211CD896F3002466A2 /* Supporting Files */,
			);
			path = "堆糖画报Tests";
			sourceTree = "<group>";
		};
		A1DF6A211CD896F3002466A2 /* Supporting Files */ = {
			isa = PBXGroup;
			children = (
				A1DF6A221CD896F3002466A2 /* Info.plist */,
			);
			name = "Supporting Files";
			sourceTree = "<group>";
		};
		A1DF6A2D1CD8972C002466A2 /* Classes */ = {
			isa = PBXGroup;
			children = (
				A1DF6A2E1CD8972C002466A2 /* Home */,
				A1DF6A321CD8972C002466A2 /* Main */,
				A1DF6A331CD8972C002466A2 /* Other */,
				A1DF6A361CD8972C002466A2 /* Sort */,
				A1DF6A3A1CD8972C002466A2 /* Store */,
			);
			path = Classes;
			sourceTree = "<group>";
		};
		A1DF6A2E1CD8972C002466A2 /* Home */ = {
			isa = PBXGroup;
			children = (
				A1DF6A2F1CD8972C002466A2 /* Controller */,
				A1DF6A301CD8972C002466A2 /* Model */,
				A1DF6A311CD8972C002466A2 /* View */,
			);
			path = Home;
			sourceTree = "<group>";
		};
		A1DF6A2F1CD8972C002466A2 /* Controller */ = {
			isa = PBXGroup;
			children = (
				A1EB3C2C1CE42E33008F44B4 /* WZHomeViewController.h */,
				A1EB3C2D1CE42E33008F44B4 /* WZHomeViewController.m */,
				A1EB3C421CE432D1008F44B4 /* WZCollectionViewController.h */,
				A1EB3C431CE432D1008F44B4 /* WZCollectionViewController.m */,
			);
			path = Controller;
			sourceTree = "<group>";
		};
		A1DF6A301CD8972C002466A2 /* Model */ = {
			isa = PBXGroup;
			children = (
				A1EDF13A1CD9993600FCBC26 /* WZHomeHeadData.h */,
				A1EDF13B1CD9993600FCBC26 /* WZHomeHeadData.m */,
				A1B260A31CDC7F2F0048F920 /* WZObjectLists.h */,
				A1B260A41CDC7F2F0048F920 /* WZObjectLists.m */,
				A1B260A61CDC812C0048F920 /* WZPhoto.h */,
				A1B260A71CDC812C0048F920 /* WZPhoto.m */,
				A1B260A91CDC81470048F920 /* WZAlbum.h */,
				A1B260AA1CDC81480048F920 /* WZAlbum.m */,
				A1B260AC1CDC816C0048F920 /* WZSender.h */,
				A1B260AD1CDC816C0048F920 /* WZSender.m */,
				A14731451CDD908B00DA710E /* WZCellFrame.h */,
				A14731461CDD908B00DA710E /* WZCellFrame.m */,
			);
			path = Model;
			sourceTree = "<group>";
		};
		A1DF6A311CD8972C002466A2 /* View */ = {
			isa = PBXGroup;
			children = (
				A1EB3C321CE43230008F44B4 /* WaterFallView */,
				A1EDF13D1CD9996500FCBC26 /* WZHomeHeadView.h */,
				A1EDF13E1CD9996500FCBC26 /* WZHomeHeadView.m */,
				A1E515801CD9D04200AE9E49 /* WZHomeHeadView.xib */,
				A1FA20941CDCC3D200BDD9B0 /* WZCollectionViewCell.h */,
				A1FA20951CDCC3D200BDD9B0 /* WZCollectionViewCell.m */,
				A1E0EFE71CDDC42C00EC9501 /* WZTopView.h */,
				A1E0EFE81CDDC42C00EC9501 /* WZTopView.m */,
				A1E0EFF01CDDDD0200EC9501 /* WZMiddleToolBar.h */,
				A1E0EFF11CDDDD0200EC9501 /* WZMiddleToolBar.m */,
				A1E0EFF31CDDDDA500EC9501 /* WZBottomView.h */,
				A1E0EFF41CDDDDA500EC9501 /* WZBottomView.m */,
			);
			path = View;
			sourceTree = "<group>";
		};
		A1DF6A321CD8972C002466A2 /* Main */ = {
			isa = PBXGroup;
			children = (
				A1E5BFA81CDA443E00E026EF /* Tool */,
				A1DF6A3E1CD897A5002466A2 /* Controller */,
				A1DF6A3F1CD897A5002466A2 /* Model */,
				A1DF6A401CD897A5002466A2 /* View */,
			);
			path = Main;
			sourceTree = "<group>";
		};
		A1DF6A331CD8972C002466A2 /* Other */ = {
			isa = PBXGroup;
			children = (
				A1DF6A0B1CD896F3002466A2 /* AppDelegate.h */,
				A1DF6A0C1CD896F3002466A2 /* AppDelegate.m */,
				A1DF6A341CD8972C002466A2 /* Category */,
				A1DF6A351CD8972C002466A2 /* Lib */,
			);
			path = Other;
			sourceTree = "<group>";
		};
		A1DF6A341CD8972C002466A2 /* Category */ = {
			isa = PBXGroup;
			children = (
				A1E0EFEA1CDDC72100EC9501 /* UIBarButtonItem+MJ.h */,
				A1E0EFEB1CDDC72100EC9501 /* UIBarButtonItem+MJ.m */,
				A1E0EFEC1CDDC72100EC9501 /* UIImage+MJ.h */,
				A1E0EFED1CDDC72100EC9501 /* UIImage+MJ.m */,
				A1E5BFA41CDA303A00E026EF /* NSYearToWeek+WZ.h */,
				A1E5BFA51CDA303A00E026EF /* NSYearToWeek+WZ.m */,
			);
			path = Category;
			sourceTree = "<group>";
		};
		A1DF6A351CD8972C002466A2 /* Lib */ = {
			isa = PBXGroup;
			children = (
				A181D3D61CE2B93D004F64ED /* MJRefresh */,
				A181D3CD1CE2B935004F64ED /* MBProgressHUD */,
				A1B260CD1CDC98A60048F920 /* MJExtension */,
				A1A711FD1CD8DBB90045A5C8 /* SDWebImage */,
				A1DF6A571CD8A9EC002466A2 /* AFNetworking */,
			);
			path = Lib;
			sourceTree = "<group>";
		};
		A1DF6A361CD8972C002466A2 /* Sort */ = {
			isa = PBXGroup;
			children = (
				A1DF6A371CD8972C002466A2 /* Controller */,
				A1DF6A381CD8972C002466A2 /* Model */,
				A1DF6A391CD8972C002466A2 /* View */,
			);
			path = Sort;
			sourceTree = "<group>";
		};
		A1DF6A371CD8972C002466A2 /* Controller */ = {
			isa = PBXGroup;
			children = (
				A1DF6A4A1CD89D60002466A2 /* WZSortViewController.h */,
				A1DF6A4B1CD89D60002466A2 /* WZSortViewController.m */,
			);
			path = Controller;
			sourceTree = "<group>";
		};
		A1DF6A381CD8972C002466A2 /* Model */ = {
			isa = PBXGroup;
			children = (
			);
			path = Model;
			sourceTree = "<group>";
		};
		A1DF6A391CD8972C002466A2 /* View */ = {
			isa = PBXGroup;
			children = (
			);
			path = View;
			sourceTree = "<group>";
		};
		A1DF6A3A1CD8972C002466A2 /* Store */ = {
			isa = PBXGroup;
			children = (
				A1DF6A3B1CD8972C002466A2 /* Controller */,
				A1DF6A3C1CD8972C002466A2 /* Model */,
				A1DF6A3D1CD8972C002466A2 /* View */,
			);
			path = Store;
			sourceTree = "<group>";
		};
		A1DF6A3B1CD8972C002466A2 /* Controller */ = {
			isa = PBXGroup;
			children = (
				A1DF6A4D1CD89D78002466A2 /* WZStoreViewController.h */,
				A1DF6A4E1CD89D78002466A2 /* WZStoreViewController.m */,
			);
			path = Controller;
			sourceTree = "<group>";
		};
		A1DF6A3C1CD8972C002466A2 /* Model */ = {
			isa = PBXGroup;
			children = (
			);
			path = Model;
			sourceTree = "<group>";
		};
		A1DF6A3D1CD8972C002466A2 /* View */ = {
			isa = PBXGroup;
			children = (
			);
			path = View;
			sourceTree = "<group>";
		};
		A1DF6A3E1CD897A5002466A2 /* Controller */ = {
			isa = PBXGroup;
			children = (
				A1DF6A411CD897C7002466A2 /* WZTabBarController.h */,
				A1DF6A421CD897C7002466A2 /* WZTabBarController.m */,
			);
			path = Controller;
			sourceTree = "<group>";
		};
		A1DF6A3F1CD897A5002466A2 /* Model */ = {
			isa = PBXGroup;
			children = (
			);
			path = Model;
			sourceTree = "<group>";
		};
		A1DF6A401CD897A5002466A2 /* View */ = {
			isa = PBXGroup;
			children = (
				A1DF6A511CD89EB0002466A2 /* WZTabBar.h */,
				A1DF6A521CD89EB0002466A2 /* WZTabBar.m */,
				A1DF6A541CD89EE5002466A2 /* WZTabBarButton.h */,
				A1DF6A551CD89EE5002466A2 /* WZTabBarButton.m */,
			);
			path = View;
			sourceTree = "<group>";
		};
		A1DF6A571CD8A9EC002466A2 /* AFNetworking */ = {
			isa = PBXGroup;
			children = (
				A1DF6A581CD8A9EC002466A2 /* AFHTTPRequestOperation.h */,
				A1DF6A591CD8A9EC002466A2 /* AFHTTPRequestOperation.m */,
				A1DF6A5A1CD8A9EC002466A2 /* AFHTTPRequestOperationManager.h */,
				A1DF6A5B1CD8A9EC002466A2 /* AFHTTPRequestOperationManager.m */,
				A1DF6A5C1CD8A9EC002466A2 /* AFHTTPSessionManager.h */,
				A1DF6A5D1CD8A9EC002466A2 /* AFHTTPSessionManager.m */,
				A1DF6A5E1CD8A9EC002466A2 /* AFNetworking.h */,
				A1DF6A5F1CD8A9EC002466A2 /* AFNetworkReachabilityManager.h */,
				A1DF6A601CD8A9EC002466A2 /* AFNetworkReachabilityManager.m */,
				A1DF6A611CD8A9EC002466A2 /* AFSecurityPolicy.h */,
				A1DF6A621CD8A9EC002466A2 /* AFSecurityPolicy.m */,
				A1DF6A631CD8A9EC002466A2 /* AFURLConnectionOperation.h */,
				A1DF6A641CD8A9EC002466A2 /* AFURLConnectionOperation.m */,
				A1DF6A651CD8A9EC002466A2 /* AFURLRequestSerialization.h */,
				A1DF6A661CD8A9EC002466A2 /* AFURLRequestSerialization.m */,
				A1DF6A671CD8A9EC002466A2 /* AFURLResponseSerialization.h */,
				A1DF6A681CD8A9EC002466A2 /* AFURLResponseSerialization.m */,
				A1DF6A691CD8A9EC002466A2 /* AFURLSessionManager.h */,
				A1DF6A6A1CD8A9EC002466A2 /* AFURLSessionManager.m */,
			);
			path = AFNetworking;
			sourceTree = "<group>";
		};
		A1E5BFA81CDA443E00E026EF /* Tool */ = {
			isa = PBXGroup;
			children = (
				A1E5BFA91CDA443E00E026EF /* WZNetInterface.h */,
			);
			path = Tool;
			sourceTree = "<group>";
		};
		A1EB3C321CE43230008F44B4 /* WaterFallView */ = {
			isa = PBXGroup;
			children = (
				A1EB3C351CE43230008F44B4 /* WaterFallFooter.h */,
				A1EB3C361CE43230008F44B4 /* WaterFallFooter.m */,
				A1EB3C371CE43230008F44B4 /* WaterFallHeader.h */,
				A1EB3C381CE43230008F44B4 /* WaterFallHeader.m */,
				A1EB3C3B1CE43230008F44B4 /* WaterFLayout.h */,
				A1EB3C3C1CE43230008F44B4 /* WaterFLayout.m */,
			);
			path = WaterFallView;
			sourceTree = "<group>";
		};
/* End PBXGroup section */

/* Begin PBXNativeTarget section */
		A1DF6A031CD896F3002466A2 /* 堆糖画报 */ = {
			isa = PBXNativeTarget;
			buildConfigurationList = A1DF6A271CD896F3002466A2 /* Build configuration list for PBXNativeTarget "堆糖画报" */;
			buildPhases = (
				A1DF6A001CD896F3002466A2 /* Sources */,
				A1DF6A011CD896F3002466A2 /* Frameworks */,
				A1DF6A021CD896F3002466A2 /* Resources */,
			);
			buildRules = (
			);
			dependencies = (
			);
			name = "堆糖画报";
			productName = "堆糖画报";
			productReference = A1DF6A041CD896F3002466A2 /* 堆糖画报.app */;
			productType = "com.apple.product-type.application";
		};
		A1DF6A1C1CD896F3002466A2 /* 堆糖画报Tests */ = {
			isa = PBXNativeTarget;
			buildConfigurationList = A1DF6A2A1CD896F3002466A2 /* Build configuration list for PBXNativeTarget "堆糖画报Tests" */;
			buildPhases = (
				A1DF6A191CD896F3002466A2 /* Sources */,
				A1DF6A1A1CD896F3002466A2 /* Frameworks */,
				A1DF6A1B1CD896F3002466A2 /* Resources */,
			);
			buildRules = (
			);
			dependencies = (
				A1DF6A1F1CD896F3002466A2 /* PBXTargetDependency */,
			);
			name = "堆糖画报Tests";
			productName = "堆糖画报Tests";
			productReference = A1DF6A1D1CD896F3002466A2 /* 堆糖画报Tests.xctest */;
			productType = "com.apple.product-type.bundle.unit-test";
		};
/* End PBXNativeTarget section */

/* Begin PBXProject section */
		A1DF69FC1CD896F3002466A2 /* Project object */ = {
			isa = PBXProject;
			attributes = {
				LastUpgradeCheck = 0610;
				ORGANIZATIONNAME = "Wizen Zhang";
				TargetAttributes = {
					A1DF6A031CD896F3002466A2 = {
						CreatedOnToolsVersion = 6.1;
					};
					A1DF6A1C1CD896F3002466A2 = {
						CreatedOnToolsVersion = 6.1;
						TestTargetID = A1DF6A031CD896F3002466A2;
					};
				};
			};
			buildConfigurationList = A1DF69FF1CD896F3002466A2 /* Build configuration list for PBXProject "堆糖画报" */;
			compatibilityVersion = "Xcode 3.2";
			developmentRegion = English;
			hasScannedForEncodings = 0;
			knownRegions = (
				en,
				Base,
			);
			mainGroup = A1DF69FB1CD896F2002466A2;
			productRefGroup = A1DF6A051CD896F3002466A2 /* Products */;
			projectDirPath = "";
			projectRoot = "";
			targets = (
				A1DF6A031CD896F3002466A2 /* 堆糖画报 */,
				A1DF6A1C1CD896F3002466A2 /* 堆糖画报Tests */,
			);
		};
/* End PBXProject section */

/* Begin PBXResourcesBuildPhase section */
		A1DF6A021CD896F3002466A2 /* Resources */ = {
			isa = PBXResourcesBuildPhase;
			buildActionMask = 2147483647;
			files = (
				A1DF6A131CD896F3002466A2 /* Main.storyboard in Resources */,
				A181D3D41CE2B935004F64ED /* MBProgressHUD.bundle in Resources */,
				A1E515811CD9D04200AE9E49 /* WZHomeHeadView.xib in Resources */,
				A181D3E11CE2B93D004F64ED /* MJRefresh.bundle in Resources */,
				A1DF6A151CD896F3002466A2 /* Images.xcassets in Resources */,
			);
			runOnlyForDeploymentPostprocessing = 0;
		};
		A1DF6A1B1CD896F3002466A2 /* Resources */ = {
			isa = PBXResourcesBuildPhase;
			buildActionMask = 2147483647;
			files = (
			);
			runOnlyForDeploymentPostprocessing = 0;
		};
/* End PBXResourcesBuildPhase section */

/* Begin PBXSourcesBuildPhase section */
		A1DF6A001CD896F3002466A2 /* Sources */ = {
			isa = PBXSourcesBuildPhase;
			buildActionMask = 2147483647;
			files = (
				A1DF6A731CD8A9EC002466A2 /* AFURLSessionManager.m in Sources */,
				A1DF6A701CD8A9EC002466A2 /* AFURLConnectionOperation.m in Sources */,
				A1DF6A6B1CD8A9EC002466A2 /* AFHTTPRequestOperation.m in Sources */,
				A1A7122A1CD8DBB90045A5C8 /* SDWebImageDownloaderOperation.m in Sources */,
				A1B260A81CDC812C0048F920 /* WZPhoto.m in Sources */,
				A1B260AE1CDC816C0048F920 /* WZSender.m in Sources */,
				A181D3E51CE2B93D004F64ED /* MJRefreshHeaderView.m in Sources */,
				A181D3E21CE2B93D004F64ED /* MJRefreshBaseView.m in Sources */,
				A1A7122C1CD8DBB90045A5C8 /* SDWebImagePrefetcher.m in Sources */,
				A1B260A51CDC7F2F0048F920 /* WZObjectLists.m in Sources */,
				A1DF6A0D1CD896F3002466A2 /* AppDelegate.m in Sources */,
				A1FA20961CDCC3D200BDD9B0 /* WZCollectionViewCell.m in Sources */,
				A1EB3C411CE43230008F44B4 /* WaterFLayout.m in Sources */,
				A1DF6A6C1CD8A9EC002466A2 /* AFHTTPRequestOperationManager.m in Sources */,
				A1B260AB1CDC81480048F920 /* WZAlbum.m in Sources */,
				A1A7122F1CD8DBB90045A5C8 /* UIImage+MultiFormat.m in Sources */,
				A1DF6A0A1CD896F3002466A2 /* main.m in Sources */,
				A1DF6A531CD89EB0002466A2 /* WZTabBar.m in Sources */,
				A1B260E71CDC98A60048F920 /* NSObject+MJCoding.m in Sources */,
				A181D3D31CE2B935004F64ED /* MBProgressHUD+MJ.m in Sources */,
				A181D3E41CE2B93D004F64ED /* MJRefreshFooterView.m in Sources */,
				A1E0EFF51CDDDDA500EC9501 /* WZBottomView.m in Sources */,
				A1A7122D1CD8DBB90045A5C8 /* UIButton+WebCache.m in Sources */,
				A181D3E31CE2B93D004F64ED /* MJRefreshConst.m in Sources */,
				A1A7122E1CD8DBB90045A5C8 /* UIImage+GIF.m in Sources */,
				A1E0EFEE1CDDC72100EC9501 /* UIBarButtonItem+MJ.m in Sources */,
				A1E5BFA61CDA303A00E026EF /* NSYearToWeek+WZ.m in Sources */,
				A1B260E41CDC98A60048F920 /* MJMethod.m in Sources */,
				A1EDF13F1CD9996500FCBC26 /* WZHomeHeadView.m in Sources */,
				A1DF6A6D1CD8A9EC002466A2 /* AFHTTPSessionManager.m in Sources */,
				A1DF6A4F1CD89D78002466A2 /* WZStoreViewController.m in Sources */,
				A1B260E21CDC98A60048F920 /* MJIvar.m in Sources */,
				A1DF6A431CD897C7002466A2 /* WZTabBarController.m in Sources */,
				A1E0EFEF1CDDC72100EC9501 /* UIImage+MJ.m in Sources */,
				A1B260E81CDC98A60048F920 /* NSObject+MJKeyValue.m in Sources */,
				A1B260E11CDC98A60048F920 /* MJArgument.m in Sources */,
				A1B260E91CDC98A60048F920 /* NSObject+MJMember.m in Sources */,
				A1A712261CD8DBB90045A5C8 /* SDImageCache.m in Sources */,
				A1DF6A6F1CD8A9EC002466A2 /* AFSecurityPolicy.m in Sources */,
				A1A7122B1CD8DBB90045A5C8 /* SDWebImageManager.m in Sources */,
				A1B260E31CDC98A60048F920 /* MJMember.m in Sources */,
				A1E0EFE91CDDC42C00EC9501 /* WZTopView.m in Sources */,
				A1A712301CD8DBB90045A5C8 /* UIImage+WebP.m in Sources */,
				A1EB3C3E1CE43230008F44B4 /* WaterFallFooter.m in Sources */,
				A1DF6A4C1CD89D60002466A2 /* WZSortViewController.m in Sources */,
				A1B260E61CDC98A60048F920 /* MJTypeEncoding.m in Sources */,
				A1A712311CD8DBB90045A5C8 /* UIImageView+WebCache.m in Sources */,
				A1EDF13C1CD9993600FCBC26 /* WZHomeHeadData.m in Sources */,
				A1E0EFF21CDDDD0200EC9501 /* WZMiddleToolBar.m in Sources */,
				A1DF6A711CD8A9EC002466A2 /* AFURLRequestSerialization.m in Sources */,
				A1DF6A6E1CD8A9EC002466A2 /* AFNetworkReachabilityManager.m in Sources */,
				A1A712291CD8DBB90045A5C8 /* SDWebImageDownloader.m in Sources */,
				A1B260E51CDC98A60048F920 /* MJType.m in Sources */,
				A1A712241CD8DBB90045A5C8 /* MKAnnotationView+WebCache.m in Sources */,
				A1DF6A721CD8A9EC002466A2 /* AFURLResponseSerialization.m in Sources */,
				A1EB3C441CE432D1008F44B4 /* WZCollectionViewController.m in Sources */,
				A1A712281CD8DBB90045A5C8 /* SDWebImageDecoder.m in Sources */,
				A1EB3C2E1CE42E33008F44B4 /* WZHomeViewController.m in Sources */,
				A1EB3C3F1CE43230008F44B4 /* WaterFallHeader.m in Sources */,
				A14731471CDD908B00DA710E /* WZCellFrame.m in Sources */,
				A1A712271CD8DBB90045A5C8 /* SDWebImageCompat.m in Sources */,
				A1A712251CD8DBB90045A5C8 /* NSData+ImageContentType.m in Sources */,
				A1DF6A561CD89EE5002466A2 /* WZTabBarButton.m in Sources */,
				A181D3D51CE2B935004F64ED /* MBProgressHUD.m in Sources */,
			);
			runOnlyForDeploymentPostprocessing = 0;
		};
		A1DF6A191CD896F3002466A2 /* Sources */ = {
			isa = PBXSourcesBuildPhase;
			buildActionMask = 2147483647;
			files = (
				A1DF6A241CD896F3002466A2 /* ____Tests.m in Sources */,
			);
			runOnlyForDeploymentPostprocessing = 0;
		};
/* End PBXSourcesBuildPhase section */

/* Begin PBXTargetDependency section */
		A1DF6A1F1CD896F3002466A2 /* PBXTargetDependency */ = {
			isa = PBXTargetDependency;
			target = A1DF6A031CD896F3002466A2 /* 堆糖画报 */;
			targetProxy = A1DF6A1E1CD896F3002466A2 /* PBXContainerItemProxy */;
		};
/* End PBXTargetDependency section */

/* Begin PBXVariantGroup section */
		A1DF6A111CD896F3002466A2 /* Main.storyboard */ = {
			isa = PBXVariantGroup;
			children = (
				A1DF6A121CD896F3002466A2 /* Base */,
			);
			name = Main.storyboard;
			sourceTree = "<group>";
		};
/* End PBXVariantGroup section */

/* Begin XCBuildConfiguration section */
		A1DF6A251CD896F3002466A2 /* Debug */ = {
			isa = XCBuildConfiguration;
			buildSettings = {
				ALWAYS_SEARCH_USER_PATHS = NO;
				CLANG_CXX_LANGUAGE_STANDARD = "gnu++0x";
				CLANG_CXX_LIBRARY = "libc++";
				CLANG_ENABLE_MODULES = YES;
				CLANG_ENABLE_OBJC_ARC = YES;
				CLANG_WARN_BOOL_CONVERSION = YES;
				CLANG_WARN_CONSTANT_CONVERSION = YES;
				CLANG_WARN_DIRECT_OBJC_ISA_USAGE = YES_ERROR;
				CLANG_WARN_EMPTY_BODY = YES;
				CLANG_WARN_ENUM_CONVERSION = YES;
				CLANG_WARN_INT_CONVERSION = YES;
				CLANG_WARN_OBJC_ROOT_CLASS = YES_ERROR;
				CLANG_WARN_UNREACHABLE_CODE = YES;
				CLANG_WARN__DUPLICATE_METHOD_MATCH = YES;
				"CODE_SIGN_IDENTITY[sdk=iphoneos*]" = "iPhone Developer";
				COPY_PHASE_STRIP = NO;
				ENABLE_STRICT_OBJC_MSGSEND = YES;
				GCC_C_LANGUAGE_STANDARD = gnu99;
				GCC_DYNAMIC_NO_PIC = NO;
				GCC_OPTIMIZATION_LEVEL = 0;
				GCC_PREPROCESSOR_DEFINITIONS = (
					"DEBUG=1",
					"$(inherited)",
				);
				GCC_SYMBOLS_PRIVATE_EXTERN = NO;
				GCC_WARN_64_TO_32_BIT_CONVERSION = YES;
				GCC_WARN_ABOUT_RETURN_TYPE = YES_ERROR;
				GCC_WARN_UNDECLARED_SELECTOR = YES;
				GCC_WARN_UNINITIALIZED_AUTOS = YES_AGGRESSIVE;
				GCC_WARN_UNUSED_FUNCTION = YES;
				GCC_WARN_UNUSED_VARIABLE = YES;
				IPHONEOS_DEPLOYMENT_TARGET = 8.1;
				MTL_ENABLE_DEBUG_INFO = YES;
				ONLY_ACTIVE_ARCH = YES;
				SDKROOT = iphoneos;
			};
			name = Debug;
		};
		A1DF6A261CD896F3002466A2 /* Release */ = {
			isa = XCBuildConfiguration;
			buildSettings = {
				ALWAYS_SEARCH_USER_PATHS = NO;
				CLANG_CXX_LANGUAGE_STANDARD = "gnu++0x";
				CLANG_CXX_LIBRARY = "libc++";
				CLANG_ENABLE_MODULES = YES;
				CLANG_ENABLE_OBJC_ARC = YES;
				CLANG_WARN_BOOL_CONVERSION = YES;
				CLANG_WARN_CONSTANT_CONVERSION = YES;
				CLANG_WARN_DIRECT_OBJC_ISA_USAGE = YES_ERROR;
				CLANG_WARN_EMPTY_BODY = YES;
				CLANG_WARN_ENUM_CONVERSION = YES;
				CLANG_WARN_INT_CONVERSION = YES;
				CLANG_WARN_OBJC_ROOT_CLASS = YES_ERROR;
				CLANG_WARN_UNREACHABLE_CODE = YES;
				CLANG_WARN__DUPLICATE_METHOD_MATCH = YES;
				"CODE_SIGN_IDENTITY[sdk=iphoneos*]" = "iPhone Developer";
				COPY_PHASE_STRIP = YES;
				ENABLE_NS_ASSERTIONS = NO;
				ENABLE_STRICT_OBJC_MSGSEND = YES;
				GCC_C_LANGUAGE_STANDARD = gnu99;
				GCC_WARN_64_TO_32_BIT_CONVERSION = YES;
				GCC_WARN_ABOUT_RETURN_TYPE = YES_ERROR;
				GCC_WARN_UNDECLARED_SELECTOR = YES;
				GCC_WARN_UNINITIALIZED_AUTOS = YES_AGGRESSIVE;
				GCC_WARN_UNUSED_FUNCTION = YES;
				GCC_WARN_UNUSED_VARIABLE = YES;
				IPHONEOS_DEPLOYMENT_TARGET = 8.1;
				MTL_ENABLE_DEBUG_INFO = NO;
				SDKROOT = iphoneos;
				VALIDATE_PRODUCT = YES;
			};
			name = Release;
		};
		A1DF6A281CD896F3002466A2 /* Debug */ = {
			isa = XCBuildConfiguration;
			buildSettings = {
				ASSETCATALOG_COMPILER_APPICON_NAME = AppIcon;
				ASSETCATALOG_COMPILER_LAUNCHIMAGE_NAME = LaunchImage;
				GCC_PREFIX_HEADER = "/Users/Wizen/Desktop/堆糖画报/堆糖画报/堆糖画报/PrefixHeader.pch";
				INFOPLIST_FILE = "堆糖画报/Info.plist";
				IPHONEOS_DEPLOYMENT_TARGET = 7.0;
				LD_RUNPATH_SEARCH_PATHS = "$(inherited) @executable_path/Frameworks";
				PRODUCT_NAME = "$(TARGET_NAME)";
			};
			name = Debug;
		};
		A1DF6A291CD896F3002466A2 /* Release */ = {
			isa = XCBuildConfiguration;
			buildSettings = {
				ASSETCATALOG_COMPILER_APPICON_NAME = AppIcon;
				ASSETCATALOG_COMPILER_LAUNCHIMAGE_NAME = LaunchImage;
				GCC_PREFIX_HEADER = "/Users/Wizen/Desktop/堆糖画报/堆糖画报/堆糖画报/PrefixHeader.pch";
				INFOPLIST_FILE = "堆糖画报/Info.plist";
				IPHONEOS_DEPLOYMENT_TARGET = 7.0;
				LD_RUNPATH_SEARCH_PATHS = "$(inherited) @executable_path/Frameworks";
				PRODUCT_NAME = "$(TARGET_NAME)";
			};
			name = Release;
		};
		A1DF6A2B1CD896F3002466A2 /* Debug */ = {
			isa = XCBuildConfiguration;
			buildSettings = {
				BUNDLE_LOADER = "$(TEST_HOST)";
				FRAMEWORK_SEARCH_PATHS = (
					"$(SDKROOT)/Developer/Library/Frameworks",
					"$(inherited)",
				);
				GCC_PREPROCESSOR_DEFINITIONS = (
					"DEBUG=1",
					"$(inherited)",
				);
				INFOPLIST_FILE = "堆糖画报Tests/Info.plist";
				LD_RUNPATH_SEARCH_PATHS = "$(inherited) @executable_path/Frameworks @loader_path/Frameworks";
				PRODUCT_NAME = "$(TARGET_NAME)";
				TEST_HOST = "$(BUILT_PRODUCTS_DIR)/堆糖画报.app/堆糖画报";
			};
			name = Debug;
		};
		A1DF6A2C1CD896F3002466A2 /* Release */ = {
			isa = XCBuildConfiguration;
			buildSettings = {
				BUNDLE_LOADER = "$(TEST_HOST)";
				FRAMEWORK_SEARCH_PATHS = (
					"$(SDKROOT)/Developer/Library/Frameworks",
					"$(inherited)",
				);
				INFOPLIST_FILE = "堆糖画报Tests/Info.plist";
				LD_RUNPATH_SEARCH_PATHS = "$(inherited) @executable_path/Frameworks @loader_path/Frameworks";
				PRODUCT_NAME = "$(TARGET_NAME)";
				TEST_HOST = "$(BUILT_PRODUCTS_DIR)/堆糖画报.app/堆糖画报";
			};
			name = Release;
		};
/* End XCBuildConfiguration section */

/* Begin XCConfigurationList section */
		A1DF69FF1CD896F3002466A2 /* Build configuration list for PBXProject "堆糖画报" */ = {
			isa = XCConfigurationList;
			buildConfigurations = (
				A1DF6A251CD896F3002466A2 /* Debug */,
				A1DF6A261CD896F3002466A2 /* Release */,
			);
			defaultConfigurationIsVisible = 0;
			defaultConfigurationName = Release;
		};
		A1DF6A271CD896F3002466A2 /* Build configuration list for PBXNativeTarget "堆糖画报" */ = {
			isa = XCConfigurationList;
			buildConfigurations = (
				A1DF6A281CD896F3002466A2 /* Debug */,
				A1DF6A291CD896F3002466A2 /* Release */,
			);
			defaultConfigurationIsVisible = 0;
			defaultConfigurationName = Release;
		};
		A1DF6A2A1CD896F3002466A2 /* Build configuration list for PBXNativeTarget "堆糖画报Tests" */ = {
			isa = XCConfigurationList;
			buildConfigurations = (
				A1DF6A2B1CD896F3002466A2 /* Debug */,
				A1DF6A2C1CD896F3002466A2 /* Release */,
			);
			defaultConfigurationIsVisible = 0;
			defaultConfigurationName = Release;
		};
/* End XCConfigurationList section */
	};
	rootObject = A1DF69FC1CD896F3002466A2 /* Project object */;
}
